// !$*UTF8*$!
{
	archiveVersion = 1;
	classes = {
	};
	objectVersion = 46;
	objects = {

/* Begin PBXBuildFile section */
		55252E581435CA74003885EE /* YAJLiOS.framework in Frameworks */ = {isa = PBXBuildFile; fileRef = 55252E571435CA74003885EE /* YAJLiOS.framework */; };
		553E333A142B39E7003E4791 /* UIKit.framework in Frameworks */ = {isa = PBXBuildFile; fileRef = 553E3339142B39E7003E4791 /* UIKit.framework */; };
		553E333C142B39E7003E4791 /* Foundation.framework in Frameworks */ = {isa = PBXBuildFile; fileRef = 553E333B142B39E7003E4791 /* Foundation.framework */; };
		553E333E142B39E7003E4791 /* CoreGraphics.framework in Frameworks */ = {isa = PBXBuildFile; fileRef = 553E333D142B39E7003E4791 /* CoreGraphics.framework */; };
		553E3340142B39E7003E4791 /* CoreData.framework in Frameworks */ = {isa = PBXBuildFile; fileRef = 553E333F142B39E7003E4791 /* CoreData.framework */; };
		553E3346142B39E7003E4791 /* InfoPlist.strings in Resources */ = {isa = PBXBuildFile; fileRef = 553E3344142B39E7003E4791 /* InfoPlist.strings */; };
		553E3349142B39E7003E4791 /* main.m in Sources */ = {isa = PBXBuildFile; fileRef = 553E3348142B39E7003E4791 /* main.m */; };
		553E334C142B39E7003E4791 /* projectAppDelegate.m in Sources */ = {isa = PBXBuildFile; fileRef = 553E334B142B39E7003E4791 /* projectAppDelegate.m */; };
		553E334F142B39E7003E4791 /* MainWindow.xib in Resources */ = {isa = PBXBuildFile; fileRef = 553E334D142B39E7003E4791 /* MainWindow.xib */; };
		553E3352142B39E7003E4791 /* project.xcdatamodeld in Sources */ = {isa = PBXBuildFile; fileRef = 553E3350142B39E7003E4791 /* project.xcdatamodeld */; };
		553E3359142B39E7003E4791 /* UIKit.framework in Frameworks */ = {isa = PBXBuildFile; fileRef = 553E3339142B39E7003E4791 /* UIKit.framework */; };
		553E335A142B39E7003E4791 /* Foundation.framework in Frameworks */ = {isa = PBXBuildFile; fileRef = 553E333B142B39E7003E4791 /* Foundation.framework */; };
		553E335B142B39E7003E4791 /* CoreGraphics.framework in Frameworks */ = {isa = PBXBuildFile; fileRef = 553E333D142B39E7003E4791 /* CoreGraphics.framework */; };
		553E335C142B39E7003E4791 /* CoreData.framework in Frameworks */ = {isa = PBXBuildFile; fileRef = 553E333F142B39E7003E4791 /* CoreData.framework */; };
		553E3364142B39E7003E4791 /* InfoPlist.strings in Resources */ = {isa = PBXBuildFile; fileRef = 553E3362142B39E7003E4791 /* InfoPlist.strings */; };
		553E3367142B39E7003E4791 /* projectTests.h in Resources */ = {isa = PBXBuildFile; fileRef = 553E3366142B39E7003E4791 /* projectTests.h */; };
		553E3369142B39E7003E4791 /* projectTests.m in Sources */ = {isa = PBXBuildFile; fileRef = 553E3368142B39E7003E4791 /* projectTests.m */; };
		553E3375142B3A1D003E4791 /* LoginViewController.m in Sources */ = {isa = PBXBuildFile; fileRef = 553E3373142B3A1D003E4791 /* LoginViewController.m */; };
		553E3376142B3A1D003E4791 /* LoginViewController.xib in Resources */ = {isa = PBXBuildFile; fileRef = 553E3374142B3A1D003E4791 /* LoginViewController.xib */; };
		553E33BB142B428D003E4791 /* TimetableViewController.m in Sources */ = {isa = PBXBuildFile; fileRef = 553E33B9142B428D003E4791 /* TimetableViewController.m */; };
		553E33BC142B428D003E4791 /* TimetableViewController.xib in Resources */ = {isa = PBXBuildFile; fileRef = 553E33BA142B428D003E4791 /* TimetableViewController.xib */; };
		553E33C2142B62DE003E4791 /* LocationViewController.m in Sources */ = {isa = PBXBuildFile; fileRef = 553E33C0142B62DE003E4791 /* LocationViewController.m */; };
		553E33C3142B62DE003E4791 /* LocationViewController.xib in Resources */ = {isa = PBXBuildFile; fileRef = 553E33C1142B62DE003E4791 /* LocationViewController.xib */; };
		5556CD921437917100ECD05F /* Location.m in Sources */ = {isa = PBXBuildFile; fileRef = 5556CD911437917100ECD05F /* Location.m */; };
		5556CDAB1437A3DD00ECD05F /* LocationDetailViewController.m in Sources */ = {isa = PBXBuildFile; fileRef = 5556CDA91437A3DD00ECD05F /* LocationDetailViewController.m */; };
		5556CDAC1437A3DD00ECD05F /* LocationDetailViewController.xib in Resources */ = {isa = PBXBuildFile; fileRef = 5556CDAA1437A3DD00ECD05F /* LocationDetailViewController.xib */; };
		5556CDC6143829EF00ECD05F /* LRResty.framework in Frameworks */ = {isa = PBXBuildFile; fileRef = 5556CDC5143829EE00ECD05F /* LRResty.framework */; };
		5556CDC814382F4600ECD05F /* CoreLocation.framework in Frameworks */ = {isa = PBXBuildFile; fileRef = 5556CDC714382F4500ECD05F /* CoreLocation.framework */; };
		5556CDCB1438316400ECD05F /* MKMapView+Zoom.m in Sources */ = {isa = PBXBuildFile; fileRef = 5556CDCA1438316400ECD05F /* MKMapView+Zoom.m */; };
		5556CDD614388BEA00ECD05F /* MBProgressHUD.m in Sources */ = {isa = PBXBuildFile; fileRef = 5556CDD514388BEA00ECD05F /* MBProgressHUD.m */; };
		5580D8B51431CBB10020D599 /* Student.m in Sources */ = {isa = PBXBuildFile; fileRef = 5580D8B41431CBB10020D599 /* Student.m */; };
		5592427D143B3A90009EC5A1 /* SystemConfiguration.framework in Frameworks */ = {isa = PBXBuildFile; fileRef = 5592427C143B3A90009EC5A1 /* SystemConfiguration.framework */; };
		55924282143BF04F009EC5A1 /* NoteViewController.m in Sources */ = {isa = PBXBuildFile; fileRef = 55924280143BF04F009EC5A1 /* NoteViewController.m */; };
		55924283143BF04F009EC5A1 /* NoteViewController.xib in Resources */ = {isa = PBXBuildFile; fileRef = 55924281143BF04F009EC5A1 /* NoteViewController.xib */; };
		5592428C143BF667009EC5A1 /* Notes.m in Sources */ = {isa = PBXBuildFile; fileRef = 5592428B143BF666009EC5A1 /* Notes.m */; };
		55924298143C20E1009EC5A1 /* NoteDetailViewController.m in Sources */ = {isa = PBXBuildFile; fileRef = 55924296143C20E0009EC5A1 /* NoteDetailViewController.m */; };
		55924299143C20E1009EC5A1 /* NoteDetailViewController.xib in Resources */ = {isa = PBXBuildFile; fileRef = 55924297143C20E0009EC5A1 /* NoteDetailViewController.xib */; };
		5592429B143C9BD7009EC5A1 /* notes.png in Resources */ = {isa = PBXBuildFile; fileRef = 5592429A143C9BD7009EC5A1 /* notes.png */; };
		55A53D611439C48E00245394 /* icon.png in Resources */ = {isa = PBXBuildFile; fileRef = 55A53D601439C48E00245394 /* icon.png */; };
		55AF1F4A1447F509003E40B5 /* proicon.png in Resources */ = {isa = PBXBuildFile; fileRef = 55AF1F491447F509003E40B5 /* proicon.png */; };
		55BAA38C143069B300381209 /* Timetable.m in Sources */ = {isa = PBXBuildFile; fileRef = 55BAA38B143069B300381209 /* Timetable.m */; };
		55BAA39914306ED200381209 /* MapKit.framework in Frameworks */ = {isa = PBXBuildFile; fileRef = 55BAA39814306ED200381209 /* MapKit.framework */; };
		55BAA3FE1430714600381209 /* rmit.png in Resources */ = {isa = PBXBuildFile; fileRef = 55BAA3FD1430714600381209 /* rmit.png */; };
		55BAA4001430714E00381209 /* location.png in Resources */ = {isa = PBXBuildFile; fileRef = 55BAA3FF1430714E00381209 /* location.png */; };
		55BAA4021430715900381209 /* timetable.png in Resources */ = {isa = PBXBuildFile; fileRef = 55BAA4011430715900381209 /* timetable.png */; };
/* End PBXBuildFile section */

/* Begin PBXContainerItemProxy section */
		553E335D142B39E7003E4791 /* PBXContainerItemProxy */ = {
			isa = PBXContainerItemProxy;
			containerPortal = 553E332C142B39E7003E4791 /* Project object */;
			proxyType = 1;
			remoteGlobalIDString = 553E3334142B39E7003E4791;
			remoteInfo = project;
		};
/* End PBXContainerItemProxy section */

/* Begin PBXFileReference section */
		55252E571435CA74003885EE /* YAJLiOS.framework */ = {isa = PBXFileReference; lastKnownFileType = wrapper.framework; name = YAJLiOS.framework; path = framework/YAJLiOS.framework; sourceTree = "<group>"; };
		553E3335142B39E7003E4791 /* project.app */ = {isa = PBXFileReference; explicitFileType = wrapper.application; includeInIndex = 0; path = project.app; sourceTree = BUILT_PRODUCTS_DIR; };
		553E3339142B39E7003E4791 /* UIKit.framework */ = {isa = PBXFileReference; lastKnownFileType = wrapper.framework; name = UIKit.framework; path = System/Library/Frameworks/UIKit.framework; sourceTree = SDKROOT; };
		553E333B142B39E7003E4791 /* Foundation.framework */ = {isa = PBXFileReference; lastKnownFileType = wrapper.framework; name = Foundation.framework; path = System/Library/Frameworks/Foundation.framework; sourceTree = SDKROOT; };
		553E333D142B39E7003E4791 /* CoreGraphics.framework */ = {isa = PBXFileReference; lastKnownFileType = wrapper.framework; name = CoreGraphics.framework; path = System/Library/Frameworks/CoreGraphics.framework; sourceTree = SDKROOT; };
		553E333F142B39E7003E4791 /* CoreData.framework */ = {isa = PBXFileReference; lastKnownFileType = wrapper.framework; name = CoreData.framework; path = System/Library/Frameworks/CoreData.framework; sourceTree = SDKROOT; };
		553E3343142B39E7003E4791 /* project-Info.plist */ = {isa = PBXFileReference; lastKnownFileType = text.plist.xml; path = "project-Info.plist"; sourceTree = "<group>"; };
		553E3345142B39E7003E4791 /* en */ = {isa = PBXFileReference; lastKnownFileType = text.plist.strings; name = en; path = en.lproj/InfoPlist.strings; sourceTree = "<group>"; };
		553E3347142B39E7003E4791 /* project-Prefix.pch */ = {isa = PBXFileReference; lastKnownFileType = sourcecode.c.h; path = "project-Prefix.pch"; sourceTree = "<group>"; };
		553E3348142B39E7003E4791 /* main.m */ = {isa = PBXFileReference; lastKnownFileType = sourcecode.c.objc; path = main.m; sourceTree = "<group>"; };
		553E334A142B39E7003E4791 /* projectAppDelegate.h */ = {isa = PBXFileReference; lastKnownFileType = sourcecode.c.h; path = projectAppDelegate.h; sourceTree = "<group>"; };
		553E334B142B39E7003E4791 /* projectAppDelegate.m */ = {isa = PBXFileReference; lastKnownFileType = sourcecode.c.objc; path = projectAppDelegate.m; sourceTree = "<group>"; };
		553E334E142B39E7003E4791 /* en */ = {isa = PBXFileReference; lastKnownFileType = file.xib; name = en; path = en.lproj/MainWindow.xib; sourceTree = "<group>"; };
		553E3351142B39E7003E4791 /* project.xcdatamodel */ = {isa = PBXFileReference; lastKnownFileType = wrapper.xcdatamodel; path = project.xcdatamodel; sourceTree = "<group>"; };
		553E3358142B39E7003E4791 /* projectTests.octest */ = {isa = PBXFileReference; explicitFileType = wrapper.cfbundle; includeInIndex = 0; path = projectTests.octest; sourceTree = BUILT_PRODUCTS_DIR; };
		553E3361142B39E7003E4791 /* projectTests-Info.plist */ = {isa = PBXFileReference; lastKnownFileType = text.plist.xml; path = "projectTests-Info.plist"; sourceTree = "<group>"; };
		553E3363142B39E7003E4791 /* en */ = {isa = PBXFileReference; lastKnownFileType = text.plist.strings; name = en; path = en.lproj/InfoPlist.strings; sourceTree = "<group>"; };
		553E3365142B39E7003E4791 /* projectTests-Prefix.pch */ = {isa = PBXFileReference; lastKnownFileType = sourcecode.c.h; path = "projectTests-Prefix.pch"; sourceTree = "<group>"; };
		553E3366142B39E7003E4791 /* projectTests.h */ = {isa = PBXFileReference; lastKnownFileType = sourcecode.c.h; path = projectTests.h; sourceTree = "<group>"; };
		553E3368142B39E7003E4791 /* projectTests.m */ = {isa = PBXFileReference; lastKnownFileType = sourcecode.c.objc; path = projectTests.m; sourceTree = "<group>"; };
		553E3372142B3A1D003E4791 /* LoginViewController.h */ = {isa = PBXFileReference; fileEncoding = 4; lastKnownFileType = sourcecode.c.h; path = LoginViewController.h; sourceTree = "<group>"; };
		553E3373142B3A1D003E4791 /* LoginViewController.m */ = {isa = PBXFileReference; fileEncoding = 4; lastKnownFileType = sourcecode.c.objc; path = LoginViewController.m; sourceTree = "<group>"; };
		553E3374142B3A1D003E4791 /* LoginViewController.xib */ = {isa = PBXFileReference; fileEncoding = 4; lastKnownFileType = file.xib; path = LoginViewController.xib; sourceTree = "<group>"; };
		553E33B8142B428D003E4791 /* TimetableViewController.h */ = {isa = PBXFileReference; fileEncoding = 4; lastKnownFileType = sourcecode.c.h; path = TimetableViewController.h; sourceTree = "<group>"; };
		553E33B9142B428D003E4791 /* TimetableViewController.m */ = {isa = PBXFileReference; fileEncoding = 4; lastKnownFileType = sourcecode.c.objc; path = TimetableViewController.m; sourceTree = "<group>"; };
		553E33BA142B428D003E4791 /* TimetableViewController.xib */ = {isa = PBXFileReference; fileEncoding = 4; lastKnownFileType = file.xib; path = TimetableViewController.xib; sourceTree = "<group>"; };
		553E33BF142B62DE003E4791 /* LocationViewController.h */ = {isa = PBXFileReference; fileEncoding = 4; lastKnownFileType = sourcecode.c.h; path = LocationViewController.h; sourceTree = "<group>"; };
		553E33C0142B62DE003E4791 /* LocationViewController.m */ = {isa = PBXFileReference; fileEncoding = 4; lastKnownFileType = sourcecode.c.objc; path = LocationViewController.m; sourceTree = "<group>"; };
		553E33C1142B62DE003E4791 /* LocationViewController.xib */ = {isa = PBXFileReference; fileEncoding = 4; lastKnownFileType = file.xib; path = LocationViewController.xib; sourceTree = "<group>"; };
		5556CD901437917100ECD05F /* Location.h */ = {isa = PBXFileReference; fileEncoding = 4; lastKnownFileType = sourcecode.c.h; path = Location.h; sourceTree = "<group>"; };
		5556CD911437917100ECD05F /* Location.m */ = {isa = PBXFileReference; fileEncoding = 4; lastKnownFileType = sourcecode.c.objc; path = Location.m; sourceTree = "<group>"; };
		5556CDA81437A3DC00ECD05F /* LocationDetailViewController.h */ = {isa = PBXFileReference; fileEncoding = 4; lastKnownFileType = sourcecode.c.h; path = LocationDetailViewController.h; sourceTree = "<group>"; };
		5556CDA91437A3DD00ECD05F /* LocationDetailViewController.m */ = {isa = PBXFileReference; fileEncoding = 4; lastKnownFileType = sourcecode.c.objc; path = LocationDetailViewController.m; sourceTree = "<group>"; };
		5556CDAA1437A3DD00ECD05F /* LocationDetailViewController.xib */ = {isa = PBXFileReference; fileEncoding = 4; lastKnownFileType = file.xib; path = LocationDetailViewController.xib; sourceTree = "<group>"; };
		5556CDC5143829EE00ECD05F /* LRResty.framework */ = {isa = PBXFileReference; lastKnownFileType = wrapper.framework; name = LRResty.framework; path = framework/LRResty.framework; sourceTree = "<group>"; };
		5556CDC714382F4500ECD05F /* CoreLocation.framework */ = {isa = PBXFileReference; lastKnownFileType = wrapper.framework; name = CoreLocation.framework; path = System/Library/Frameworks/CoreLocation.framework; sourceTree = SDKROOT; };
		5556CDC91438316300ECD05F /* MKMapView+Zoom.h */ = {isa = PBXFileReference; fileEncoding = 4; lastKnownFileType = sourcecode.c.h; path = "MKMapView+Zoom.h"; sourceTree = "<group>"; };
		5556CDCA1438316400ECD05F /* MKMapView+Zoom.m */ = {isa = PBXFileReference; fileEncoding = 4; lastKnownFileType = sourcecode.c.objc; path = "MKMapView+Zoom.m"; sourceTree = "<group>"; };
		5556CDD414388BDC00ECD05F /* MBProgressHUD.h */ = {isa = PBXFileReference; fileEncoding = 4; lastKnownFileType = sourcecode.c.h; path = MBProgressHUD.h; sourceTree = "<group>"; };
		5556CDD514388BEA00ECD05F /* MBProgressHUD.m */ = {isa = PBXFileReference; fileEncoding = 4; lastKnownFileType = sourcecode.c.objc; path = MBProgressHUD.m; sourceTree = "<group>"; };
		5580D8B31431CBB10020D599 /* Student.h */ = {isa = PBXFileReference; fileEncoding = 4; lastKnownFileType = sourcecode.c.h; path = Student.h; sourceTree = "<group>"; };
		5580D8B41431CBB10020D599 /* Student.m */ = {isa = PBXFileReference; fileEncoding = 4; lastKnownFileType = sourcecode.c.objc; path = Student.m; sourceTree = "<group>"; };
		5592427C143B3A90009EC5A1 /* SystemConfiguration.framework */ = {isa = PBXFileReference; lastKnownFileType = wrapper.framework; name = SystemConfiguration.framework; path = System/Library/Frameworks/SystemConfiguration.framework; sourceTree = SDKROOT; };
		5592427F143BF04F009EC5A1 /* NoteViewController.h */ = {isa = PBXFileReference; fileEncoding = 4; lastKnownFileType = sourcecode.c.h; path = NoteViewController.h; sourceTree = "<group>"; };
		55924280143BF04F009EC5A1 /* NoteViewController.m */ = {isa = PBXFileReference; fileEncoding = 4; lastKnownFileType = sourcecode.c.objc; path = NoteViewController.m; sourceTree = "<group>"; };
		55924281143BF04F009EC5A1 /* NoteViewController.xib */ = {isa = PBXFileReference; fileEncoding = 4; lastKnownFileType = file.xib; path = NoteViewController.xib; sourceTree = "<group>"; };
		5592428A143BF664009EC5A1 /* Notes.h */ = {isa = PBXFileReference; fileEncoding = 4; lastKnownFileType = sourcecode.c.h; path = Notes.h; sourceTree = "<group>"; };
		5592428B143BF666009EC5A1 /* Notes.m */ = {isa = PBXFileReference; fileEncoding = 4; lastKnownFileType = sourcecode.c.objc; path = Notes.m; sourceTree = "<group>"; };
		55924295143C20DF009EC5A1 /* NoteDetailViewController.h */ = {isa = PBXFileReference; fileEncoding = 4; lastKnownFileType = sourcecode.c.h; path = NoteDetailViewController.h; sourceTree = "<group>"; };
		55924296143C20E0009EC5A1 /* NoteDetailViewController.m */ = {isa = PBXFileReference; fileEncoding = 4; lastKnownFileType = sourcecode.c.objc; path = NoteDetailViewController.m; sourceTree = "<group>"; };
		55924297143C20E0009EC5A1 /* NoteDetailViewController.xib */ = {isa = PBXFileReference; fileEncoding = 4; lastKnownFileType = file.xib; path = NoteDetailViewController.xib; sourceTree = "<group>"; };
		5592429A143C9BD7009EC5A1 /* notes.png */ = {isa = PBXFileReference; lastKnownFileType = image.png; path = notes.png; sourceTree = "<group>"; };
		55A53D601439C48E00245394 /* icon.png */ = {isa = PBXFileReference; lastKnownFileType = image.png; path = icon.png; sourceTree = "<group>"; };
		55AF1F491447F509003E40B5 /* proicon.png */ = {isa = PBXFileReference; lastKnownFileType = image.png; path = proicon.png; sourceTree = "<group>"; };
		55BAA38A143069B300381209 /* Timetable.h */ = {isa = PBXFileReference; fileEncoding = 4; lastKnownFileType = sourcecode.c.h; path = Timetable.h; sourceTree = "<group>"; };
		55BAA38B143069B300381209 /* Timetable.m */ = {isa = PBXFileReference; fileEncoding = 4; lastKnownFileType = sourcecode.c.objc; path = Timetable.m; sourceTree = "<group>"; };
		55BAA39814306ED200381209 /* MapKit.framework */ = {isa = PBXFileReference; lastKnownFileType = wrapper.framework; name = MapKit.framework; path = System/Library/Frameworks/MapKit.framework; sourceTree = SDKROOT; };
		55BAA3FD1430714600381209 /* rmit.png */ = {isa = PBXFileReference; lastKnownFileType = image.png; path = rmit.png; sourceTree = "<group>"; };
		55BAA3FF1430714E00381209 /* location.png */ = {isa = PBXFileReference; lastKnownFileType = image.png; path = location.png; sourceTree = "<group>"; };
		55BAA4011430715900381209 /* timetable.png */ = {isa = PBXFileReference; lastKnownFileType = image.png; path = timetable.png; sourceTree = "<group>"; };
/* End PBXFileReference section */

/* Begin PBXFrameworksBuildPhase section */
		553E3332142B39E7003E4791 /* Frameworks */ = {
			isa = PBXFrameworksBuildPhase;
			buildActionMask = 2147483647;
			files = (
				5592427D143B3A90009EC5A1 /* SystemConfiguration.framework in Frameworks */,
				5556CDC814382F4600ECD05F /* CoreLocation.framework in Frameworks */,
				5556CDC6143829EF00ECD05F /* LRResty.framework in Frameworks */,
				55252E581435CA74003885EE /* YAJLiOS.framework in Frameworks */,
				55BAA39914306ED200381209 /* MapKit.framework in Frameworks */,
				553E333A142B39E7003E4791 /* UIKit.framework in Frameworks */,
				553E333C142B39E7003E4791 /* Foundation.framework in Frameworks */,
				553E333E142B39E7003E4791 /* CoreGraphics.framework in Frameworks */,
				553E3340142B39E7003E4791 /* CoreData.framework in Frameworks */,
			);
			runOnlyForDeploymentPostprocessing = 0;
		};
		553E3354142B39E7003E4791 /* Frameworks */ = {
			isa = PBXFrameworksBuildPhase;
			buildActionMask = 2147483647;
			files = (
				553E3359142B39E7003E4791 /* UIKit.framework in Frameworks */,
				553E335A142B39E7003E4791 /* Foundation.framework in Frameworks */,
				553E335B142B39E7003E4791 /* CoreGraphics.framework in Frameworks */,
				553E335C142B39E7003E4791 /* CoreData.framework in Frameworks */,
			);
			runOnlyForDeploymentPostprocessing = 0;
		};
/* End PBXFrameworksBuildPhase section */

/* Begin PBXGroup section */
		553E332A142B39E7003E4791 = {
			isa = PBXGroup;
			children = (
				55A53D601439C48E00245394 /* icon.png */,
				553E3341142B39E7003E4791 /* project */,
				553E335F142B39E7003E4791 /* projectTests */,
				553E3338142B39E7003E4791 /* Frameworks */,
				553E3336142B39E7003E4791 /* Products */,
				553E3377142B3A4A003E4791 /* Resources */,
				553E3342142B39E7003E4791 /* Supporting Files */,
			);
			sourceTree = "<group>";
		};
		553E3336142B39E7003E4791 /* Products */ = {
			isa = PBXGroup;
			children = (
				553E3335142B39E7003E4791 /* project.app */,
				553E3358142B39E7003E4791 /* projectTests.octest */,
			);
			name = Products;
			sourceTree = "<group>";
		};
		553E3338142B39E7003E4791 /* Frameworks */ = {
			isa = PBXGroup;
			children = (
				5592427C143B3A90009EC5A1 /* SystemConfiguration.framework */,
				5556CDC714382F4500ECD05F /* CoreLocation.framework */,
				5556CDC5143829EE00ECD05F /* LRResty.framework */,
				55252E571435CA74003885EE /* YAJLiOS.framework */,
				55BAA39814306ED200381209 /* MapKit.framework */,
				553E3339142B39E7003E4791 /* UIKit.framework */,
				553E333B142B39E7003E4791 /* Foundation.framework */,
				553E333D142B39E7003E4791 /* CoreGraphics.framework */,
				553E333F142B39E7003E4791 /* CoreData.framework */,
			);
			name = Frameworks;
			sourceTree = "<group>";
		};
		553E3341142B39E7003E4791 /* project */ = {
			isa = PBXGroup;
			children = (
				55BAA3801430692700381209 /* Models */,
				553E33C4142B62E5003E4791 /* BookmarkView */,
				553E33BE142B42F4003E4791 /* LocationView */,
				553E33BD142B4294003E4791 /* TimetableView */,
				553E337A142B3A7A003E4791 /* LoginView */,
				553E334B142B39E7003E4791 /* projectAppDelegate.m */,
				553E334A142B39E7003E4791 /* projectAppDelegate.h */,
				553E334D142B39E7003E4791 /* MainWindow.xib */,
				553E3350142B39E7003E4791 /* project.xcdatamodeld */,
			);
			path = project;
			sourceTree = "<group>";
		};
		553E3342142B39E7003E4791 /* Supporting Files */ = {
			isa = PBXGroup;
			children = (
				553E3343142B39E7003E4791 /* project-Info.plist */,
				553E3344142B39E7003E4791 /* InfoPlist.strings */,
				553E3347142B39E7003E4791 /* project-Prefix.pch */,
				553E3348142B39E7003E4791 /* main.m */,
			);
			name = "Supporting Files";
			path = project;
			sourceTree = "<group>";
		};
		553E335F142B39E7003E4791 /* projectTests */ = {
			isa = PBXGroup;
			children = (
				553E3366142B39E7003E4791 /* projectTests.h */,
				553E3368142B39E7003E4791 /* projectTests.m */,
				553E3360142B39E7003E4791 /* Supporting Files */,
			);
			path = projectTests;
			sourceTree = "<group>";
		};
		553E3360142B39E7003E4791 /* Supporting Files */ = {
			isa = PBXGroup;
			children = (
				553E3361142B39E7003E4791 /* projectTests-Info.plist */,
				553E3362142B39E7003E4791 /* InfoPlist.strings */,
				553E3365142B39E7003E4791 /* projectTests-Prefix.pch */,
			);
			name = "Supporting Files";
			sourceTree = "<group>";
		};
		553E3377142B3A4A003E4791 /* Resources */ = {
			isa = PBXGroup;
			children = (
				55AF1F491447F509003E40B5 /* proicon.png */,
				5592429A143C9BD7009EC5A1 /* notes.png */,
				55BAA4011430715900381209 /* timetable.png */,
				55BAA3FF1430714E00381209 /* location.png */,
				55BAA3FD1430714600381209 /* rmit.png */,
			);
			name = Resources;
			path = project;
			sourceTree = "<group>";
		};
		553E337A142B3A7A003E4791 /* LoginView */ = {
			isa = PBXGroup;
			children = (
				553E3374142B3A1D003E4791 /* LoginViewController.xib */,
				553E3373142B3A1D003E4791 /* LoginViewController.m */,
				553E3372142B3A1D003E4791 /* LoginViewController.h */,
			);
			name = LoginView;
			sourceTree = "<group>";
		};
		553E33BD142B4294003E4791 /* TimetableView */ = {
			isa = PBXGroup;
			children = (
				553E33B8142B428D003E4791 /* TimetableViewController.h */,
				553E33B9142B428D003E4791 /* TimetableViewController.m */,
				553E33BA142B428D003E4791 /* TimetableViewController.xib */,
			);
			name = TimetableView;
			sourceTree = "<group>";
		};
		553E33BE142B42F4003E4791 /* LocationView */ = {
			isa = PBXGroup;
			children = (
				553E33BF142B62DE003E4791 /* LocationViewController.h */,
				553E33C0142B62DE003E4791 /* LocationViewController.m */,
				553E33C1142B62DE003E4791 /* LocationViewController.xib */,
				5556CDA81437A3DC00ECD05F /* LocationDetailViewController.h */,
				5556CDA91437A3DD00ECD05F /* LocationDetailViewController.m */,
				5556CDAA1437A3DD00ECD05F /* LocationDetailViewController.xib */,
			);
			name = LocationView;
			sourceTree = "<group>";
		};
		553E33C4142B62E5003E4791 /* BookmarkView */ = {
			isa = PBXGroup;
			children = (
				5592427F143BF04F009EC5A1 /* NoteViewController.h */,
				55924280143BF04F009EC5A1 /* NoteViewController.m */,
				55924281143BF04F009EC5A1 /* NoteViewController.xib */,
				55924295143C20DF009EC5A1 /* NoteDetailViewController.h */,
				55924296143C20E0009EC5A1 /* NoteDetailViewController.m */,
				55924297143C20E0009EC5A1 /* NoteDetailViewController.xib */,
			);
			name = BookmarkView;
			sourceTree = "<group>";
		};
		55BAA3801430692700381209 /* Models */ = {
			isa = PBXGroup;
			children = (
				5580D8B31431CBB10020D599 /* Student.h */,
				5580D8B41431CBB10020D599 /* Student.m */,
				5556CDD414388BDC00ECD05F /* MBProgressHUD.h */,
				5556CDD514388BEA00ECD05F /* MBProgressHUD.m */,
				5556CDC91438316300ECD05F /* MKMapView+Zoom.h */,
				5556CDCA1438316400ECD05F /* MKMapView+Zoom.m */,
				55BAA38A143069B300381209 /* Timetable.h */,
				55BAA38B143069B300381209 /* Timetable.m */,
				5592428A143BF664009EC5A1 /* Notes.h */,
				5592428B143BF666009EC5A1 /* Notes.m */,
				5556CD901437917100ECD05F /* Location.h */,
				5556CD911437917100ECD05F /* Location.m */,
			);
			name = Models;
			sourceTree = "<group>";
		};
/* End PBXGroup section */

/* Begin PBXNativeTarget section */
		553E3334142B39E7003E4791 /* project */ = {
			isa = PBXNativeTarget;
			buildConfigurationList = 553E336C142B39E7003E4791 /* Build configuration list for PBXNativeTarget "project" */;
			buildPhases = (
				553E3331142B39E7003E4791 /* Sources */,
				553E3332142B39E7003E4791 /* Frameworks */,
				553E3333142B39E7003E4791 /* Resources */,
			);
			buildRules = (
			);
			dependencies = (
			);
			name = project;
			productName = project;
			productReference = 553E3335142B39E7003E4791 /* project.app */;
			productType = "com.apple.product-type.application";
		};
		553E3357142B39E7003E4791 /* projectTests */ = {
			isa = PBXNativeTarget;
			buildConfigurationList = 553E336F142B39E7003E4791 /* Build configuration list for PBXNativeTarget "projectTests" */;
			buildPhases = (
				553E3353142B39E7003E4791 /* Sources */,
				553E3354142B39E7003E4791 /* Frameworks */,
				553E3355142B39E7003E4791 /* Resources */,
				553E3356142B39E7003E4791 /* ShellScript */,
			);
			buildRules = (
			);
			dependencies = (
				553E335E142B39E7003E4791 /* PBXTargetDependency */,
			);
			name = projectTests;
			productName = projectTests;
			productReference = 553E3358142B39E7003E4791 /* projectTests.octest */;
			productType = "com.apple.product-type.bundle";
		};
/* End PBXNativeTarget section */

/* Begin PBXProject section */
		553E332C142B39E7003E4791 /* Project object */ = {
			isa = PBXProject;
			attributes = {
				ORGANIZATIONNAME = RMIT;
			};
			buildConfigurationList = 553E332F142B39E7003E4791 /* Build configuration list for PBXProject "project" */;
			compatibilityVersion = "Xcode 3.2";
			developmentRegion = English;
			hasScannedForEncodings = 0;
			knownRegions = (
				en,
			);
			mainGroup = 553E332A142B39E7003E4791;
			productRefGroup = 553E3336142B39E7003E4791 /* Products */;
			projectDirPath = "";
			projectRoot = "";
			targets = (
				553E3334142B39E7003E4791 /* project */,
				553E3357142B39E7003E4791 /* projectTests */,
			);
		};
/* End PBXProject section */

/* Begin PBXResourcesBuildPhase section */
		553E3333142B39E7003E4791 /* Resources */ = {
			isa = PBXResourcesBuildPhase;
			buildActionMask = 2147483647;
			files = (
				553E3346142B39E7003E4791 /* InfoPlist.strings in Resources */,
				553E334F142B39E7003E4791 /* MainWindow.xib in Resources */,
				553E3376142B3A1D003E4791 /* LoginViewController.xib in Resources */,
				553E33BC142B428D003E4791 /* TimetableViewController.xib in Resources */,
				553E33C3142B62DE003E4791 /* LocationViewController.xib in Resources */,
				55BAA3FE1430714600381209 /* rmit.png in Resources */,
				55BAA4001430714E00381209 /* location.png in Resources */,
				55BAA4021430715900381209 /* timetable.png in Resources */,
				5556CDAC1437A3DD00ECD05F /* LocationDetailViewController.xib in Resources */,
				55A53D611439C48E00245394 /* icon.png in Resources */,
				55924283143BF04F009EC5A1 /* NoteViewController.xib in Resources */,
				55924299143C20E1009EC5A1 /* NoteDetailViewController.xib in Resources */,
				5592429B143C9BD7009EC5A1 /* notes.png in Resources */,
				55AF1F4A1447F509003E40B5 /* proicon.png in Resources */,
			);
			runOnlyForDeploymentPostprocessing = 0;
		};
		553E3355142B39E7003E4791 /* Resources */ = {
			isa = PBXResourcesBuildPhase;
			buildActionMask = 2147483647;
			files = (
				553E3364142B39E7003E4791 /* InfoPlist.strings in Resources */,
				553E3367142B39E7003E4791 /* projectTests.h in Resources */,
			);
			runOnlyForDeploymentPostprocessing = 0;
		};
/* End PBXResourcesBuildPhase section */

/* Begin PBXShellScriptBuildPhase section */
		553E3356142B39E7003E4791 /* ShellScript */ = {
			isa = PBXShellScriptBuildPhase;
			buildActionMask = 2147483647;
			files = (
			);
			inputPaths = (
			);
			outputPaths = (
			);
			runOnlyForDeploymentPostprocessing = 0;
			shellPath = /bin/sh;
			shellScript = "# Run the unit tests in this test bundle.\n\"${SYSTEM_DEVELOPER_DIR}/Tools/RunUnitTests\"\n";
		};
/* End PBXShellScriptBuildPhase section */

/* Begin PBXSourcesBuildPhase section */
		553E3331142B39E7003E4791 /* Sources */ = {
			isa = PBXSourcesBuildPhase;
			buildActionMask = 2147483647;
			files = (
				553E3349142B39E7003E4791 /* main.m in Sources */,
				553E334C142B39E7003E4791 /* projectAppDelegate.m in Sources */,
				553E3352142B39E7003E4791 /* project.xcdatamodeld in Sources */,
				553E3375142B3A1D003E4791 /* LoginViewController.m in Sources */,
				553E33BB142B428D003E4791 /* TimetableViewController.m in Sources */,
				553E33C2142B62DE003E4791 /* LocationViewController.m in Sources */,
				55BAA38C143069B300381209 /* Timetable.m in Sources */,
				5580D8B51431CBB10020D599 /* Student.m in Sources */,
				5556CD921437917100ECD05F /* Location.m in Sources */,
				5556CDAB1437A3DD00ECD05F /* LocationDetailViewController.m in Sources */,
				5556CDCB1438316400ECD05F /* MKMapView+Zoom.m in Sources */,
				5556CDD614388BEA00ECD05F /* MBProgressHUD.m in Sources */,
				55924282143BF04F009EC5A1 /* NoteViewController.m in Sources */,
				5592428C143BF667009EC5A1 /* Notes.m in Sources */,
				55924298143C20E1009EC5A1 /* NoteDetailViewController.m in Sources */,
			);
			runOnlyForDeploymentPostprocessing = 0;
		};
		553E3353142B39E7003E4791 /* Sources */ = {
			isa = PBXSourcesBuildPhase;
			buildActionMask = 2147483647;
			files = (
				553E3369142B39E7003E4791 /* projectTests.m in Sources */,
			);
			runOnlyForDeploymentPostprocessing = 0;
		};
/* End PBXSourcesBuildPhase section */

/* Begin PBXTargetDependency section */
		553E335E142B39E7003E4791 /* PBXTargetDependency */ = {
			isa = PBXTargetDependency;
			target = 553E3334142B39E7003E4791 /* project */;
			targetProxy = 553E335D142B39E7003E4791 /* PBXContainerItemProxy */;
		};
/* End PBXTargetDependency section */

/* Begin PBXVariantGroup section */
		553E3344142B39E7003E4791 /* InfoPlist.strings */ = {
			isa = PBXVariantGroup;
			children = (
				553E3345142B39E7003E4791 /* en */,
			);
			name = InfoPlist.strings;
			sourceTree = "<group>";
		};
		553E334D142B39E7003E4791 /* MainWindow.xib */ = {
			isa = PBXVariantGroup;
			children = (
				553E334E142B39E7003E4791 /* en */,
			);
			name = MainWindow.xib;
			sourceTree = "<group>";
		};
		553E3362142B39E7003E4791 /* InfoPlist.strings */ = {
			isa = PBXVariantGroup;
			children = (
				553E3363142B39E7003E4791 /* en */,
			);
			name = InfoPlist.strings;
			sourceTree = "<group>";
		};
/* End PBXVariantGroup section */

/* Begin XCBuildConfiguration section */
		553E336A142B39E7003E4791 /* Debug */ = {
			isa = XCBuildConfiguration;
			buildSettings = {
				ARCHS = "$(ARCHS_STANDARD_32_BIT)";
				"CODE_SIGN_IDENTITY[sdk=iphoneos*]" = "iPhone Developer";
				GCC_C_LANGUAGE_STANDARD = gnu99;
				GCC_OPTIMIZATION_LEVEL = 0;
				GCC_PREPROCESSOR_DEFINITIONS = DEBUG;
				GCC_SYMBOLS_PRIVATE_EXTERN = NO;
				GCC_VERSION = com.apple.compilers.llvmgcc42;
				GCC_WARN_ABOUT_RETURN_TYPE = YES;
				GCC_WARN_UNUSED_VARIABLE = YES;
				IPHONEOS_DEPLOYMENT_TARGET = 4.3;
				LD_RUNPATH_SEARCH_PATHS = "@loader_path/../Frameworks";
				OTHER_LDFLAGS = (
					"-all_load",
					"-Objc",
				);
				SDKROOT = iphoneos;
				USER_HEADER_SEARCH_PATHS = "$(BUILT_PRODUCTS_DIR)/** @loader_path/../Frameworks/**";
			};
			name = Debug;
		};
		553E336B142B39E7003E4791 /* Release */ = {
			isa = XCBuildConfiguration;
			buildSettings = {
				ARCHS = "$(ARCHS_STANDARD_32_BIT)";
				"CODE_SIGN_IDENTITY[sdk=iphoneos*]" = "iPhone Developer";
				GCC_C_LANGUAGE_STANDARD = gnu99;
				GCC_VERSION = com.apple.compilers.llvmgcc42;
				GCC_WARN_ABOUT_RETURN_TYPE = YES;
				GCC_WARN_UNUSED_VARIABLE = YES;
				IPHONEOS_DEPLOYMENT_TARGET = 4.3;
				LD_RUNPATH_SEARCH_PATHS = "@loader_path/../Frameworks";
				OTHER_CFLAGS = "-DNS_BLOCK_ASSERTIONS=1";
				OTHER_LDFLAGS = (
					"-all_load",
					"-Objc",
				);
				SDKROOT = iphoneos;
				USER_HEADER_SEARCH_PATHS = "$(BUILT_PRODUCTS_DIR)/**";
			};
			name = Release;
		};
		553E336D142B39E7003E4791 /* Debug */ = {
			isa = XCBuildConfiguration;
			buildSettings = {
				ALWAYS_SEARCH_USER_PATHS = NO;
				COPY_PHASE_STRIP = NO;
				FRAMEWORK_SEARCH_PATHS = (
					"$(inherited)",
					"\"$(SRCROOT)/framework\"",
				);
				GCC_DYNAMIC_NO_PIC = NO;
				GCC_PRECOMPILE_PREFIX_HEADER = YES;
				GCC_PREFIX_HEADER = "project/project-Prefix.pch";
				INFOPLIST_FILE = "project/project-Info.plist";
				IPHONEOS_DEPLOYMENT_TARGET = 4.3;
				LD_RUNPATH_SEARCH_PATHS = "@loader_path/../framework";
				OTHER_LDFLAGS = (
					"-all_load",
					"-Objc",
				);
				PRODUCT_NAME = "$(TARGET_NAME)";
				USER_HEADER_SEARCH_PATHS = "$(BUILT_PRODUCTS_DIR)/**";
				WRAPPER_EXTENSION = app;
			};
			name = Debug;
		};
		553E336E142B39E7003E4791 /* Release */ = {
			isa = XCBuildConfiguration;
			buildSettings = {
				ALWAYS_SEARCH_USER_PATHS = NO;
				COPY_PHASE_STRIP = YES;
				FRAMEWORK_SEARCH_PATHS = (
					"$(inherited)",
					"\"$(SRCROOT)/framework\"",
				);
				GCC_PRECOMPILE_PREFIX_HEADER = YES;
				GCC_PREFIX_HEADER = "project/project-Prefix.pch";
				INFOPLIST_FILE = "project/project-Info.plist";
				IPHONEOS_DEPLOYMENT_TARGET = 4.3;
				LD_RUNPATH_SEARCH_PATHS = "@loader_path/../framework";
				OTHER_LDFLAGS = (
					"-all_load",
					"-Objc",
				);
				PRODUCT_NAME = "$(TARGET_NAME)";
				USER_HEADER_SEARCH_PATHS = "$(BUILT_PRODUCTS_DIR)/**";
				VALIDATE_PRODUCT = YES;
				WRAPPER_EXTENSION = app;
			};
			name = Release;
		};
		553E3370142B39E7003E4791 /* Debug */ = {
			isa = XCBuildConfiguration;
			buildSettings = {
				ALWAYS_SEARCH_USER_PATHS = NO;
				BUNDLE_LOADER = "$(BUILT_PRODUCTS_DIR)/project.app/project";
				FRAMEWORK_SEARCH_PATHS = (
					"$(SDKROOT)/Developer/Library/Frameworks",
					"$(DEVELOPER_LIBRARY_DIR)/Frameworks",
				);
				GCC_PRECOMPILE_PREFIX_HEADER = YES;
				GCC_PREFIX_HEADER = "projectTests/projectTests-Prefix.pch";
				INFOPLIST_FILE = "projectTests/projectTests-Info.plist";
				OTHER_LDFLAGS = (
					"-framework",
					SenTestingKit,
				);
				PRODUCT_NAME = "$(TARGET_NAME)";
				TEST_HOST = "$(BUNDLE_LOADER)";
				WRAPPER_EXTENSION = octest;
			};
			name = Debug;
		};
		553E3371142B39E7003E4791 /* Release */ = {
			isa = XCBuildConfiguration;
			buildSettings = {
				ALWAYS_SEARCH_USER_PATHS = NO;
				BUNDLE_LOADER = "$(BUILT_PRODUCTS_DIR)/project.app/project";
				FRAMEWORK_SEARCH_PATHS = (
					"$(SDKROOT)/Developer/Library/Frameworks",
					"$(DEVELOPER_LIBRARY_DIR)/Frameworks",
				);
				GCC_PRECOMPILE_PREFIX_HEADER = YES;
				GCC_PREFIX_HEADER = "projectTests/projectTests-Prefix.pch";
				INFOPLIST_FILE = "projectTests/projectTests-Info.plist";
				OTHER_LDFLAGS = (
					"-framework",
					SenTestingKit,
				);
				PRODUCT_NAME = "$(TARGET_NAME)";
				TEST_HOST = "$(BUNDLE_LOADER)";
				WRAPPER_EXTENSION = octest;
			};
			name = Release;
		};
/* End XCBuildConfiguration section */

/* Begin XCConfigurationList section */
		553E332F142B39E7003E4791 /* Build configuration list for PBXProject "project" */ = {
			isa = XCConfigurationList;
			buildConfigurations = (
				553E336A142B39E7003E4791 /* Debug */,
				553E336B142B39E7003E4791 /* Release */,
			);
			defaultConfigurationIsVisible = 0;
			defaultConfigurationName = Release;
		};
		553E336C142B39E7003E4791 /* Build configuration list for PBXNativeTarget "project" */ = {
			isa = XCConfigurationList;
			buildConfigurations = (
				553E336D142B39E7003E4791 /* Debug */,
				553E336E142B39E7003E4791 /* Release */,
			);
			defaultConfigurationIsVisible = 0;
			defaultConfigurationName = Release;
		};
		553E336F142B39E7003E4791 /* Build configuration list for PBXNativeTarget "projectTests" */ = {
			isa = XCConfigurationList;
			buildConfigurations = (
				553E3370142B39E7003E4791 /* Debug */,
				553E3371142B39E7003E4791 /* Release */,
			);
			defaultConfigurationIsVisible = 0;
			defaultConfigurationName = Release;
		};
/* End XCConfigurationList section */

/* Begin XCVersionGroup section */
		553E3350142B39E7003E4791 /* project.xcdatamodeld */ = {
			isa = XCVersionGroup;
			children = (
				553E3351142B39E7003E4791 /* project.xcdatamodel */,
			);
			currentVersion = 553E3351142B39E7003E4791 /* project.xcdatamodel */;
			path = project.xcdatamodeld;
			sourceTree = "<group>";
			versionGroupType = wrapper.xcdatamodel;
		};
/* End XCVersionGroup section */
	};
	rootObject = 553E332C142B39E7003E4791 /* Project object */;
}
